
Microsoft Visual Studio Solution File, Format Version 12.00
# Visual Studio Version 17
VisualStudioVersion = 17.8.34330.188
MinimumVisualStudioVersion = 10.0.40219.1
Project("{FAE04EC0-301F-11D3-BF4B-00C04F79EFBC}") = "Notes", "Notes\Notes.csproj", "{A7A25D6D-2820-490B-B375-A6157875995D}"
EndProject
Global
	GlobalSection(SolutionConfigurationPlatforms) = preSolution
		Debug|Any CPU = Debug|Any CPU
		Release|Any CPU = Release|Any CPU
	EndGlobalSection
	GlobalSection(ProjectConfigurationPlatforms) = postSolution
		{A7A25D6D-2820-490B-B375-A6157875995D}.Debug|Any CPU.ActiveCfg = Debug|Any CPU
		{A7A25D6D-2820-490B-B375-A6157875995D}.Debug|Any CPU.Build.0 = Debug|Any CPU
		{A7A25D6D-2820-490B-B375-A6157875995D}.Debug|Any CPU.Deploy.0 = Debug|Any CPU
		{A7A25D6D-2820-490B-B375-A6157875995D}.Release|Any CPU.ActiveCfg = Release|Any CPU
		{A7A25D6D-2820-490B-B375-A6157875995D}.Release|Any CPU.Build.0 = Release|Any CPU
		{A7A25D6D-2820-490B-B375-A6157875995D}.Release|Any CPU.Deploy.0 = Release|Any CPU
	EndGlobalSection
	GlobalSection(SolutionProperties) = preSolution
		HideSolutionNode = FALSE
	EndGlobalSection
	GlobalSection(ExtensibilityGlobals) = postSolution
		SolutionGuid = {C2468FCC-68F7-4430-848E-FC50942037EE}
	EndGlobalSection
EndGlobal
